
Microsoft Visual Studio Solution File, Format Version 12.00
# Visual Studio Version 16
VisualStudioVersion = 16.0.31911.196
MinimumVisualStudioVersion = 10.0.40219.1
Project("{FAE04EC0-301F-11D3-BF4B-00C04F79EFBC}") = "WebServiceTutorial.Android", "WebServiceTutorial\WebServiceTutorial.Android\WebServiceTutorial.Android.csproj", "{03EC795E-2C89-4FBD-B1BD-39EAA2B9C376}"
EndProject
Project("{FAE04EC0-301F-11D3-BF4B-00C04F79EFBC}") = "WebServiceTutorial.iOS", "WebServiceTutorial\WebServiceTutorial.iOS\WebServiceTutorial.iOS.csproj", "{7D38485C-01EC-4F17-B200-A48DDBA8F174}"
EndProject
Project("{FAE04EC0-301F-11D3-BF4B-00C04F79EFBC}") = "WebServiceTutorial", "WebServiceTutorial\WebServiceTutorial\WebServiceTutorial.csproj", "{EE535262-742C-4E4C-8B06-4A5B956E57A6}"
EndProject
Global
	GlobalSection(SolutionConfigurationPlatforms) = preSolution
		Debug|Any CPU = Debug|Any CPU
		Debug|iPhone = Debug|iPhone
		Debug|iPhoneSimulator = Debug|iPhoneSimulator
		Release|Any CPU = Release|Any CPU
		Release|iPhone = Release|iPhone
		Release|iPhoneSimulator = Release|iPhoneSimulator
	EndGlobalSection
	GlobalSection(ProjectConfigurationPlatforms) = postSolution
		{03EC795E-2C89-4FBD-B1BD-39EAA2B9C376}.Debug|Any CPU.ActiveCfg = Debug|Any CPU
		{03EC795E-2C89-4FBD-B1BD-39EAA2B9C376}.Debug|Any CPU.Build.0 = Debug|Any CPU
		{03EC795E-2C89-4FBD-B1BD-39EAA2B9C376}.Debug|Any CPU.Deploy.0 = Debug|Any CPU
		{03EC795E-2C89-4FBD-B1BD-39EAA2B9C376}.Debug|iPhone.ActiveCfg = Debug|Any CPU
		{03EC795E-2C89-4FBD-B1BD-39EAA2B9C376}.Debug|iPhone.Build.0 = Debug|Any CPU
		{03EC795E-2C89-4FBD-B1BD-39EAA2B9C376}.Debug|iPhone.Deploy.0 = Debug|Any CPU
		{03EC795E-2C89-4FBD-B1BD-39EAA2B9C376}.Debug|iPhoneSimulator.ActiveCfg = Debug|Any CPU
		{03EC795E-2C89-4FBD-B1BD-39EAA2B9C376}.Debug|iPhoneSimulator.Build.0 = Debug|Any CPU
		{03EC795E-2C89-4FBD-B1BD-39EAA2B9C376}.Debug|iPhoneSimulator.Deploy.0 = Debug|Any CPU
		{03EC795E-2C89-4FBD-B1BD-39EAA2B9C376}.Release|Any CPU.ActiveCfg = Release|Any CPU
		{03EC795E-2C89-4FBD-B1BD-39EAA2B9C376}.Release|Any CPU.Build.0 = Release|Any CPU
		{03EC795E-2C89-4FBD-B1BD-39EAA2B9C376}.Release|Any CPU.Deploy.0 = Release|Any CPU
		{03EC795E-2C89-4FBD-B1BD-39EAA2B9C376}.Release|iPhone.ActiveCfg = Release|Any CPU
		{03EC795E-2C89-4FBD-B1BD-39EAA2B9C376}.Release|iPhone.Build.0 = Release|Any CPU
		{03EC795E-2C89-4FBD-B1BD-39EAA2B9C376}.Release|iPhone.Deploy.0 = Release|Any CPU
		{03EC795E-2C89-4FBD-B1BD-39EAA2B9C376}.Release|iPhoneSimulator.ActiveCfg = Release|Any CPU
		{03EC795E-2C89-4FBD-B1BD-39EAA2B9C376}.Release|iPhoneSimulator.Build.0 = Release|Any CPU
		{03EC795E-2C89-4FBD-B1BD-39EAA2B9C376}.Release|iPhoneSimulator.Deploy.0 = Release|Any CPU
		{7D38485C-01EC-4F17-B200-A48DDBA8F174}.Debug|Any CPU.ActiveCfg = Debug|iPhone
		{7D38485C-01EC-4F17-B200-A48DDBA8F174}.Debug|Any CPU.Build.0 = Debug|iPhone
		{7D38485C-01EC-4F17-B200-A48DDBA8F174}.Debug|Any CPU.Deploy.0 = Debug|iPhone
		{7D38485C-01EC-4F17-B200-A48DDBA8F174}.Debug|iPhone.ActiveCfg = Debug|iPhone
		{7D38485C-01EC-4F17-B200-A48DDBA8F174}.Debug|iPhone.Build.0 = Debug|iPhone
		{7D38485C-01EC-4F17-B200-A48DDBA8F174}.Debug|iPhone.Deploy.0 = Debug|iPhone
		{7D38485C-01EC-4F17-B200-A48DDBA8F174}.Debug|iPhoneSimulator.ActiveCfg = Debug|iPhoneSimulator
		{7D38485C-01EC-4F17-B200-A48DDBA8F174}.Debug|iPhoneSimulator.Build.0 = Debug|iPhoneSimulator
		{7D38485C-01EC-4F17-B200-A48DDBA8F174}.Debug|iPhoneSimulator.Deploy.0 = Debug|iPhoneSimulator
		{7D38485C-01EC-4F17-B200-A48DDBA8F174}.Release|Any CPU.ActiveCfg = Release|iPhoneSimulator
		{7D38485C-01EC-4F17-B200-A48DDBA8F174}.Release|Any CPU.Build.0 = Release|iPhoneSimulator
		{7D38485C-01EC-4F17-B200-A48DDBA8F174}.Release|Any CPU.Deploy.0 = Release|iPhoneSimulator
		{7D38485C-01EC-4F17-B200-A48DDBA8F174}.Release|iPhone.ActiveCfg = Release|iPhone
		{7D38485C-01EC-4F17-B200-A48DDBA8F174}.Release|iPhone.Build.0 = Release|iPhone
		{7D38485C-01EC-4F17-B200-A48DDBA8F174}.Release|iPhone.Deploy.0 = Release|iPhone
		{7D38485C-01EC-4F17-B200-A48DDBA8F174}.Release|iPhoneSimulator.ActiveCfg = Release|iPhoneSimulator
		{7D38485C-01EC-4F17-B200-A48DDBA8F174}.Release|iPhoneSimulator.Build.0 = Release|iPhoneSimulator
		{7D38485C-01EC-4F17-B200-A48DDBA8F174}.Release|iPhoneSimulator.Deploy.0 = Release|iPhoneSimulator
		{EE535262-742C-4E4C-8B06-4A5B956E57A6}.Debug|Any CPU.ActiveCfg = Debug|Any CPU
		{EE535262-742C-4E4C-8B06-4A5B956E57A6}.Debug|Any CPU.Build.0 = Debug|Any CPU
		{EE535262-742C-4E4C-8B06-4A5B956E57A6}.Debug|Any CPU.Deploy.0 = Debug|Any CPU
		{EE535262-742C-4E4C-8B06-4A5B956E57A6}.Debug|iPhone.ActiveCfg = Debug|Any CPU
		{EE535262-742C-4E4C-8B06-4A5B956E57A6}.Debug|iPhone.Build.0 = Debug|Any CPU
		{EE535262-742C-4E4C-8B06-4A5B956E57A6}.Debug|iPhone.Deploy.0 = Debug|Any CPU
		{EE535262-742C-4E4C-8B06-4A5B956E57A6}.Debug|iPhoneSimulator.ActiveCfg = Debug|Any CPU
		{EE535262-742C-4E4C-8B06-4A5B956E57A6}.Debug|iPhoneSimulator.Build.0 = Debug|Any CPU
		{EE535262-742C-4E4C-8B06-4A5B956E57A6}.Debug|iPhoneSimulator.Deploy.0 = Debug|Any CPU
		{EE535262-742C-4E4C-8B06-4A5B956E57A6}.Release|Any CPU.ActiveCfg = Release|Any CPU
		{EE535262-742C-4E4C-8B06-4A5B956E57A6}.Release|Any CPU.Build.0 = Release|Any CPU
		{EE535262-742C-4E4C-8B06-4A5B956E57A6}.Release|Any CPU.Deploy.0 = Release|Any CPU
		{EE535262-742C-4E4C-8B06-4A5B956E57A6}.Release|iPhone.ActiveCfg = Release|Any CPU
		{EE535262-742C-4E4C-8B06-4A5B956E57A6}.Release|iPhone.Build.0 = Release|Any CPU
		{EE535262-742C-4E4C-8B06-4A5B956E57A6}.Release|iPhone.Deploy.0 = Release|Any CPU
		{EE535262-742C-4E4C-8B06-4A5B956E57A6}.Release|iPhoneSimulator.ActiveCfg = Release|Any CPU
		{EE535262-742C-4E4C-8B06-4A5B956E57A6}.Release|iPhoneSimulator.Build.0 = Release|Any CPU
		{EE535262-742C-4E4C-8B06-4A5B956E57A6}.Release|iPhoneSimulator.Deploy.0 = Release|Any CPU
	EndGlobalSection
	GlobalSection(SolutionProperties) = preSolution
		HideSolutionNode = FALSE
	EndGlobalSection
	GlobalSection(ExtensibilityGlobals) = postSolution
		SolutionGuid = {AFB8F0E9-A873-46F4-9FEE-CB9375C144D9}
	EndGlobalSection
EndGlobal
